
Microsoft Visual Studio Solution File, Format Version 12.00
# Visual Studio Version 18
VisualStudioVersion = 18.0.11010.61 d18.0
MinimumVisualStudioVersion = 10.0.40219.1
Project("{2150E333-8FDC-42A3-9474-1A3956D46DE8}") = "scr", "scr", "{02EA681E-C7D8-13C7-8484-4AC65E1B71E8}"
EndProject
Project("{FAE04EC0-301F-11D3-BF4B-00C04F79EFBC}") = "serviceApp.Server", "serviceApp.Server\serviceApp.Server.csproj", "{AAE92188-B279-42F8-8171-870E3156C2D2}"
EndProject
Project("{FAE04EC0-301F-11D3-BF4B-00C04F79EFBC}") = "ServiceApp.UI", "ServiceApp.UI\ServiceApp.UI.csproj", "{4CE4F4AF-4AB4-4300-815D-56BBE4BFF964}"
EndProject
Global
	GlobalSection(SolutionConfigurationPlatforms) = preSolution
		Debug|Any CPU = Debug|Any CPU
		Release|Any CPU = Release|Any CPU
	EndGlobalSection
	GlobalSection(ProjectConfigurationPlatforms) = postSolution
		{AAE92188-B279-42F8-8171-870E3156C2D2}.Debug|Any CPU.ActiveCfg = Debug|Any CPU
		{AAE92188-B279-42F8-8171-870E3156C2D2}.Debug|Any CPU.Build.0 = Debug|Any CPU
		{AAE92188-B279-42F8-8171-870E3156C2D2}.Release|Any CPU.ActiveCfg = Release|Any CPU
		{AAE92188-B279-42F8-8171-870E3156C2D2}.Release|Any CPU.Build.0 = Release|Any CPU
		{4CE4F4AF-4AB4-4300-815D-56BBE4BFF964}.Debug|Any CPU.ActiveCfg = Debug|Any CPU
		{4CE4F4AF-4AB4-4300-815D-56BBE4BFF964}.Debug|Any CPU.Build.0 = Debug|Any CPU
		{4CE4F4AF-4AB4-4300-815D-56BBE4BFF964}.Release|Any CPU.ActiveCfg = Release|Any CPU
		{4CE4F4AF-4AB4-4300-815D-56BBE4BFF964}.Release|Any CPU.Build.0 = Release|Any CPU
	EndGlobalSection
	GlobalSection(SolutionProperties) = preSolution
		HideSolutionNode = FALSE
	EndGlobalSection
	GlobalSection(NestedProjects) = preSolution
		{AAE92188-B279-42F8-8171-870E3156C2D2} = {02EA681E-C7D8-13C7-8484-4AC65E1B71E8}
		{4CE4F4AF-4AB4-4300-815D-56BBE4BFF964} = {02EA681E-C7D8-13C7-8484-4AC65E1B71E8}
	EndGlobalSection
	GlobalSection(ExtensibilityGlobals) = postSolution
		SolutionGuid = {6939854C-37EC-4BF3-88A5-C23645F80906}
	EndGlobalSection
EndGlobal
